
Microsoft Visual Studio Solution File, Format Version 12.00
# Visual Studio Version 17
VisualStudioVersion = 17.2.32516.85
MinimumVisualStudioVersion = 10.0.40219.1
Project("{9A19103F-16F7-4668-BE54-9A1E7A4F7556}") = "CRR.Web", "CRR.Web\CRR.Web.csproj", "{62026F10-3E2A-42A7-AFF5-7B40F7C8492B}"
EndProject
Project("{9A19103F-16F7-4668-BE54-9A1E7A4F7556}") = "CRR.Models", "CRR.Database\CRR.Models.csproj", "{43651529-E340-4DA9-94C2-BD404182977B}"
EndProject
Project("{9A19103F-16F7-4668-BE54-9A1E7A4F7556}") = "CRR.Api", "CRR.Api\CRR.Api.csproj", "{18D3C745-877E-476E-B75F-0934E5C8ABF0}"
EndProject
Global
	GlobalSection(SolutionConfigurationPlatforms) = preSolution
		Debug|Any CPU = Debug|Any CPU
		Release|Any CPU = Release|Any CPU
	EndGlobalSection
	GlobalSection(ProjectConfigurationPlatforms) = postSolution
		{62026F10-3E2A-42A7-AFF5-7B40F7C8492B}.Debug|Any CPU.ActiveCfg = Debug|Any CPU
		{62026F10-3E2A-42A7-AFF5-7B40F7C8492B}.Debug|Any CPU.Build.0 = Debug|Any CPU
		{62026F10-3E2A-42A7-AFF5-7B40F7C8492B}.Release|Any CPU.ActiveCfg = Release|Any CPU
		{62026F10-3E2A-42A7-AFF5-7B40F7C8492B}.Release|Any CPU.Build.0 = Release|Any CPU
		{43651529-E340-4DA9-94C2-BD404182977B}.Debug|Any CPU.ActiveCfg = Debug|Any CPU
		{43651529-E340-4DA9-94C2-BD404182977B}.Debug|Any CPU.Build.0 = Debug|Any CPU
		{43651529-E340-4DA9-94C2-BD404182977B}.Release|Any CPU.ActiveCfg = Release|Any CPU
		{43651529-E340-4DA9-94C2-BD404182977B}.Release|Any CPU.Build.0 = Release|Any CPU
		{18D3C745-877E-476E-B75F-0934E5C8ABF0}.Debug|Any CPU.ActiveCfg = Debug|Any CPU
		{18D3C745-877E-476E-B75F-0934E5C8ABF0}.Debug|Any CPU.Build.0 = Debug|Any CPU
		{18D3C745-877E-476E-B75F-0934E5C8ABF0}.Release|Any CPU.ActiveCfg = Release|Any CPU
		{18D3C745-877E-476E-B75F-0934E5C8ABF0}.Release|Any CPU.Build.0 = Release|Any CPU
	EndGlobalSection
	GlobalSection(SolutionProperties) = preSolution
		HideSolutionNode = FALSE
	EndGlobalSection
	GlobalSection(ExtensibilityGlobals) = postSolution
		SolutionGuid = {135B1B63-57DB-4B36-9FFF-FFBF47DFFB92}
	EndGlobalSection
EndGlobal
